// !$*UTF8*$!
{
	archiveVersion = 1;
	classes = {
	};
	objectVersion = 46;
	objects = {

/* Begin PBXBuildFile section */
		6BEFE48C1F991124003F4A89 /* AppDelegate.swift in Sources */ = {isa = PBXBuildFile; fileRef = 6BEFE48B1F991124003F4A89 /* AppDelegate.swift */; };
		6BEFE48E1F991124003F4A89 /* ViewController.swift in Sources */ = {isa = PBXBuildFile; fileRef = 6BEFE48D1F991124003F4A89 /* ViewController.swift */; };
		6BEFE4911F991124003F4A89 /* Main.storyboard in Resources */ = {isa = PBXBuildFile; fileRef = 6BEFE48F1F991124003F4A89 /* Main.storyboard */; };
		6BEFE4931F991124003F4A89 /* Assets.xcassets in Resources */ = {isa = PBXBuildFile; fileRef = 6BEFE4921F991124003F4A89 /* Assets.xcassets */; };
		6BEFE4961F991124003F4A89 /* LaunchScreen.storyboard in Resources */ = {isa = PBXBuildFile; fileRef = 6BEFE4941F991124003F4A89 /* LaunchScreen.storyboard */; };
/* End PBXBuildFile section */

/* Begin PBXFileReference section */
		6BEFE4881F991124003F4A89 /* midterm1.app */ = {isa = PBXFileReference; explicitFileType = wrapper.application; includeInIndex = 0; path = midterm1.app; sourceTree = BUILT_PRODUCTS_DIR; };
		6BEFE48B1F991124003F4A89 /* AppDelegate.swift */ = {isa = PBXFileReference; lastKnownFileType = sourcecode.swift; path = AppDelegate.swift; sourceTree = "<group>"; };
		6BEFE48D1F991124003F4A89 /* ViewController.swift */ = {isa = PBXFileReference; lastKnownFileType = sourcecode.swift; path = ViewController.swift; sourceTree = "<group>"; };
		6BEFE4901F991124003F4A89 /* Base */ = {isa = PBXFileReference; lastKnownFileType = file.storyboard; name = Base; path = Base.lproj/Main.storyboard; sourceTree = "<group>"; };
		6BEFE4921F991124003F4A89 /* Assets.xcassets */ = {isa = PBXFileReference; lastKnownFileType = folder.assetcatalog; path = Assets.xcassets; sourceTree = "<group>"; };
		6BEFE4951F991124003F4A89 /* Base */ = {isa = PBXFileReference; lastKnownFileType = file.storyboard; name = Base; path = Base.lproj/LaunchScreen.storyboard; sourceTree = "<group>"; };
		6BEFE4971F991124003F4A89 /* Info.plist */ = {isa = PBXFileReference; lastKnownFileType = text.plist.xml; path = Info.plist; sourceTree = "<group>"; };
/* End PBXFileReference section */

/* Begin PBXFrameworksBuildPhase section */
		6BEFE4851F991124003F4A89 /* Frameworks */ = {
			isa = PBXFrameworksBuildPhase;
			buildActionMask = 2147483647;
			files = (
			);
			runOnlyForDeploymentPostprocessing = 0;
		};
/* End PBXFrameworksBuildPhase section */

/* Begin PBXGroup section */
		6BEFE47F1F991124003F4A89 = {
			isa = PBXGroup;
			children = (
				6BEFE48A1F991124003F4A89 /* midterm1 */,
				6BEFE4891F991124003F4A89 /* Products */,
			);
			sourceTree = "<group>";
		};
		6BEFE4891F991124003F4A89 /* Products */ = {
			isa = PBXGroup;
			children = (
				6BEFE4881F991124003F4A89 /* midterm1.app */,
			);
			name = Products;
			sourceTree = "<group>";
		};
		6BEFE48A1F991124003F4A89 /* midterm1 */ = {
			isa = PBXGroup;
			children = (
				6BEFE48B1F991124003F4A89 /* AppDelegate.swift */,
				6BEFE48D1F991124003F4A89 /* ViewController.swift */,
				6BEFE48F1F991124003F4A89 /* Main.storyboard */,
				6BEFE4921F991124003F4A89 /* Assets.xcassets */,
				6BEFE4941F991124003F4A89 /* LaunchScreen.storyboard */,
				6BEFE4971F991124003F4A89 /* Info.plist */,
			);
			path = midterm1;
			sourceTree = "<group>";
		};
/* End PBXGroup section */

/* Begin PBXNativeTarget section */
		6BEFE4871F991124003F4A89 /* midterm1 */ = {
			isa = PBXNativeTarget;
			buildConfigurationList = 6BEFE49A1F991124003F4A89 /* Build configuration list for PBXNativeTarget "midterm1" */;
			buildPhases = (
				6BEFE4841F991124003F4A89 /* Sources */,
				6BEFE4851F991124003F4A89 /* Frameworks */,
				6BEFE4861F991124003F4A89 /* Resources */,
			);
			buildRules = (
			);
			dependencies = (
			);
			name = midterm1;
			productName = midterm1;
			productReference = 6BEFE4881F991124003F4A89 /* midterm1.app */;
			productType = "com.apple.product-type.application";
		};
/* End PBXNativeTarget section */

/* Begin PBXProject section */
		6BEFE4801F991124003F4A89 /* Project object */ = {
			isa = PBXProject;
			attributes = {
				LastSwiftUpdateCheck = 0830;
				LastUpgradeCheck = 0830;
				ORGANIZATIONNAME = "Dilara Madinger";
				TargetAttributes = {
					6BEFE4871F991124003F4A89 = {
						CreatedOnToolsVersion = 8.3.3;
						DevelopmentTeam = LB875SBW6C;
						ProvisioningStyle = Automatic;
					};
				};
			};
			buildConfigurationList = 6BEFE4831F991124003F4A89 /* Build configuration list for PBXProject "midterm1" */;
			compatibilityVersion = "Xcode 3.2";
			developmentRegion = English;
			hasScannedForEncodings = 0;
			knownRegions = (
				en,
				Base,
			);
			mainGroup = 6BEFE47F1F991124003F4A89;
			productRefGroup = 6BEFE4891F991124003F4A89 /* Products */;
			projectDirPath = "";
			projectRoot = "";
			targets = (
				6BEFE4871F991124003F4A89 /* midterm1 */,
			);
		};
/* End PBXProject section */

/* Begin PBXResourcesBuildPhase section */
		6BEFE4861F991124003F4A89 /* Resources */ = {
			isa = PBXResourcesBuildPhase;
			buildActionMask = 2147483647;
			files = (
				6BEFE4961F991124003F4A89 /* LaunchScreen.storyboard in Resources */,
				6BEFE4931F991124003F4A89 /* Assets.xcassets in Resources */,
				6BEFE4911F991124003F4A89 /* Main.storyboard in Resources */,
			);
			runOnlyForDeploymentPostprocessing = 0;
		};
/* End PBXResourcesBuildPhase section */

/* Begin PBXSourcesBuildPhase section */
		6BEFE4841F991124003F4A89 /* Sources */ = {
			isa = PBXSourcesBuildPhase;
			buildActionMask = 2147483647;
			files = (
				6BEFE48E1F991124003F4A89 /* ViewController.swift in Sources */,
				6BEFE48C1F991124003F4A89 /* AppDelegate.swift in Sources */,
			);
			runOnlyForDeploymentPostprocessing = 0;
		};
/* End PBXSourcesBuildPhase section */

/* Begin PBXVariantGroup section */
		6BEFE48F1F991124003F4A89 /* Main.storyboard */ = {
			isa = PBXVariantGroup;
			children = (
				6BEFE4901F991124003F4A89 /* Base */,
			);
			name = Main.storyboard;
			sourceTree = "<group>";
		};
		6BEFE4941F991124003F4A89 /* LaunchScreen.storyboard */ = {
			isa = PBXVariantGroup;
			children = (
				6BEFE4951F991124003F4A89 /* Base */,
			);
			name = LaunchScreen.storyboard;
			sourceTree = "<group>";
		};
/* End PBXVariantGroup section */

/* Begin XCBuildConfiguration section */
		6BEFE4981F991124003F4A89 /* Debug */ = {
			isa = XCBuildConfiguration;
			buildSettings = {
				ALWAYS_SEARCH_USER_PATHS = NO;
				CLANG_ANALYZER_NONNULL = YES;
				CLANG_ANALYZER_NUMBER_OBJECT_CONVERSION = YES_AGGRESSIVE;
				CLANG_CXX_LANGUAGE_STANDARD = "gnu++0x";
				CLANG_CXX_LIBRARY = "libc++";
				CLANG_ENABLE_MODULES = YES;
				CLANG_ENABLE_OBJC_ARC = YES;
				CLANG_WARN_BOOL_CONVERSION = YES;
				CLANG_WARN_CONSTANT_CONVERSION = YES;
				CLANG_WARN_DIRECT_OBJC_ISA_USAGE = YES_ERROR;
				CLANG_WARN_DOCUMENTATION_COMMENTS = YES;
				CLANG_WARN_EMPTY_BODY = YES;
				CLANG_WARN_ENUM_CONVERSION = YES;
				CLANG_WARN_INFINITE_RECURSION = YES;
				CLANG_WARN_INT_CONVERSION = YES;
				CLANG_WARN_OBJC_ROOT_CLASS = YES_ERROR;
				CLANG_WARN_SUSPICIOUS_MOVE = YES;
				CLANG_WARN_UNREACHABLE_CODE = YES;
				CLANG_WARN__DUPLICATE_METHOD_MATCH = YES;
				"CODE_SIGN_IDENTITY[sdk=iphoneos*]" = "iPhone Developer";
				COPY_PHASE_STRIP = NO;
				DEBUG_INFORMATION_FORMAT = dwarf;
				ENABLE_STRICT_OBJC_MSGSEND = YES;
				ENABLE_TESTABILITY = YES;
				GCC_C_LANGUAGE_STANDARD = gnu99;
				GCC_DYNAMIC_NO_PIC = NO;
				GCC_NO_COMMON_BLOCKS = YES;
				GCC_OPTIMIZATION_LEVEL = 0;
				GCC_PREPROCESSOR_DEFINITIONS = (
					"DEBUG=1",
					"$(inherited)",
				);
				GCC_WARN_64_TO_32_BIT_CONVERSION = YES;
				GCC_WARN_ABOUT_RETURN_TYPE = YES_ERROR;
				GCC_WARN_UNDECLARED_SELECTOR = YES;
				GCC_WARN_UNINITIALIZED_AUTOS = YES_AGGRESSIVE;
				GCC_WARN_UNUSED_FUNCTION = YES;
				GCC_WARN_UNUSED_VARIABLE = YES;
				IPHONEOS_DEPLOYMENT_TARGET = 10.3;
				MTL_ENABLE_DEBUG_INFO = YES;
				ONLY_ACTIVE_ARCH = YES;
				SDKROOT = iphoneos;
				SWIFT_ACTIVE_COMPILATION_CONDITIONS = DEBUG;
				SWIFT_OPTIMIZATION_LEVEL = "-Onone";
				TARGETED_DEVICE_FAMILY = "1,2";
			};
			name = Debug;
		};
		6BEFE4991F991124003F4A89 /* Release */ = {
			isa = XCBuildConfiguration;
			buildSettings = {
				ALWAYS_SEARCH_USER_PATHS = NO;
				CLANG_ANALYZER_NONNULL = YES;
				CLANG_ANALYZER_NUMBER_OBJECT_CONVERSION = YES_AGGRESSIVE;
				CLANG_CXX_LANGUAGE_STANDARD = "gnu++0x";
				CLANG_CXX_LIBRARY = "libc++";
				CLANG_ENABLE_MODULES = YES;
				CLANG_ENABLE_OBJC_ARC = YES;
				CLANG_WARN_BOOL_CONVERSION = YES;
				CLANG_WARN_CONSTANT_CONVERSION = YES;
				CLANG_WARN_DIRECT_OBJC_ISA_USAGE = YES_ERROR;
				CLANG_WARN_DOCUMENTATION_COMMENTS = YES;
				CLANG_WARN_EMPTY_BODY = YES;
				CLANG_WARN_ENUM_CONVERSION = YES;
				CLANG_WARN_INFINITE_RECURSION = YES;
				CLANG_WARN_INT_CONVERSION = YES;
				CLANG_WARN_OBJC_ROOT_CLASS = YES_ERROR;
				CLANG_WARN_SUSPICIOUS_MOVE = YES;
				CLANG_WARN_UNREACHABLE_CODE = YES;
				CLANG_WARN__DUPLICATE_METHOD_MATCH = YES;
				"CODE_SIGN_IDENTITY[sdk=iphoneos*]" = "iPhone Developer";
				COPY_PHASE_STRIP = NO;
				DEBUG_INFORMATION_FORMAT = "dwarf-with-dsym";
				ENABLE_NS_ASSERTIONS = NO;
				ENABLE_STRICT_OBJC_MSGSEND = YES;
				GCC_C_LANGUAGE_STANDARD = gnu99;
				GCC_NO_COMMON_BLOCKS = YES;
				GCC_WARN_64_TO_32_BIT_CONVERSION = YES;
				GCC_WARN_ABOUT_RETURN_TYPE = YES_ERROR;
				GCC_WARN_UNDECLARED_SELECTOR = YES;
				GCC_WARN_UNINITIALIZED_AUTOS = YES_AGGRESSIVE;
				GCC_WARN_UNUSED_FUNCTION = YES;
				GCC_WARN_UNUSED_VARIABLE = YES;
				IPHONEOS_DEPLOYMENT_TARGET = 10.3;
				MTL_ENABLE_DEBUG_INFO = NO;
				SDKROOT = iphoneos;
				SWIFT_OPTIMIZATION_LEVEL = "-Owholemodule";
				TARGETED_DEVICE_FAMILY = "1,2";
				VALIDATE_PRODUCT = YES;
			};
			name = Release;
		};
		6BEFE49B1F991124003F4A89 /* Debug */ = {
			isa = XCBuildConfiguration;
			buildSettings = {
				ASSETCATALOG_COMPILER_APPICON_NAME = AppIcon;
				DEVELOPMENT_TEAM = LB875SBW6C;
				INFOPLIST_FILE = midterm1/Info.plist;
				LD_RUNPATH_SEARCH_PATHS = "$(inherited) @executable_path/Frameworks";
				PRODUCT_BUNDLE_IDENTIFIER = cu.midterm1;
				PRODUCT_NAME = "$(TARGET_NAME)";
				SWIFT_VERSION = 3.0;
			};
			name = Debug;
		};
		6BEFE49C1F991124003F4A89 /* Release */ = {
			isa = XCBuildConfiguration;
			buildSettings = {
				ASSETCATALOG_COMPILER_APPICON_NAME = AppIcon;
				DEVELOPMENT_TEAM = LB875SBW6C;
				INFOPLIST_FILE = midterm1/Info.plist;
				LD_RUNPATH_SEARCH_PATHS = "$(inherited) @executable_path/Frameworks";
				PRODUCT_BUNDLE_IDENTIFIER = cu.midterm1;
				PRODUCT_NAME = "$(TARGET_NAME)";
				SWIFT_VERSION = 3.0;
			};
			name = Release;
		};
/* End XCBuildConfiguration section */

/* Begin XCConfigurationList section */
		6BEFE4831F991124003F4A89 /* Build configuration list for PBXProject "midterm1" */ = {
			isa = XCConfigurationList;
			buildConfigurations = (
				6BEFE4981F991124003F4A89 /* Debug */,
				6BEFE4991F991124003F4A89 /* Release */,
			);
			defaultConfigurationIsVisible = 0;
			defaultConfigurationName = Release;
		};
		6BEFE49A1F991124003F4A89 /* Build configuration list for PBXNativeTarget "midterm1" */ = {
			isa = XCConfigurationList;
			buildConfigurations = (
				6BEFE49B1F991124003F4A89 /* Debug */,
				6BEFE49C1F991124003F4A89 /* Release */,
			);
			defaultConfigurationIsVisible = 0;
		};
/* End XCConfigurationList section */
	};
	rootObject = 6BEFE4801F991124003F4A89 /* Project object */;
}
